github.com/lib/pq v1.10.9 h1:YXG7RB+JIjhP29X+OtkiDnYaXQwpS4JEWq7dtCCRUEw=
github.com/lib/pq v1.10.9/go.mod h1:AlVN5x4E4T544tWzH6hKfbfQvm3HdbOxrmggDNAPY9o=
github.com/nickbadlose/mastering-go/postgres v0.0.0-20240329183958-b89a1c2d8dd1 h1:dwah5Ez/DtONToasBHN7OzPjbgAiQXcbmAFhwqvEFjI=
github.com/nickbadlose/mastering-go/postgres v0.0.0-20240329183958-b89a1c2d8dd1/go.mod h1:1yEq+Gkbc5P4Zjyg3e4jGsKW3IjbGAOhFwWyk51gefI=
