filippo.io/edwards25519 v1.1.0 h1:FNf4tywRC1HmFuKW5xopWpigGjJKiJSV0Cqo0cJWDaA=
filippo.io/edwards25519 v1.1.0/go.mod h1:BxyFTGdWcka3PhytdK4V28tE5sGfRvvvRV7EaN4VDT4=
github.com/go-sql-driver/mysql v1.8.1 h1:LedoTUt/eveggdHS9qUFC1EFSa8bU2+1pZjSRpvNJ1Y=
github.com/go-sql-driver/mysql v1.8.1/go.mod h1:wEBSXgmK//2ZFJyE+qWnIsVGmvmEKlqwuVSjsCm7DZg=
github.com/lib/pq v1.10.9 h1:YXG7RB+JIjhP29X+OtkiDnYaXQwpS4JEWq7dtCCRUEw=
github.com/lib/pq v1.10.9/go.mod h1:AlVN5x4E4T544tWzH6hKfbfQvm3HdbOxrmggDNAPY9o=
github.com/nickbadlose/mastering-go/mysql v0.0.0-20240330012205-a364f146826d h1:rD3RtzUx+hj7YSpJqBSdzrbhxo1ISxVnQOIMO7UvqY4=
github.com/nickbadlose/mastering-go/mysql v0.0.0-20240330012205-a364f146826d/go.mod h1:QB7UZe67H2GjdyGnAxTNn0pksePlSpMO5vrqX9T3gP0=
github.com/nickbadlose/mastering-go/mysql v0.0.0-20240330013158-01addb448380 h1:b6xB4EPkmFYw+xCXeR4H5YPixjeC1BuPoZcQIL+qMGo=
github.com/nickbadlose/mastering-go/mysql v0.0.0-20240330013158-01addb448380/go.mod h1:dJRa2J2BBVvjqgIPX61kAmh5y/q3D47aSgThHm64WkQ=
github.com/nickbadlose/mastering-go/mysql v0.0.0-20240330014156-531aa6283347 h1:MP4Ln+l/8XeAsaEvx4bpmff4dpTjpwuLFvKhj5KWolQ=
github.com/nickbadlose/mastering-go/mysql v0.0.0-20240330014156-531aa6283347/go.mod h1:dJRa2J2BBVvjqgIPX61kAmh5y/q3D47aSgThHm64WkQ=
github.com/nickbadlose/mastering-go/mysql v0.0.0-20240330014413-60127f15a82d h1:wOZiBRljjGM/lXwePrLBVoY2TMUtfyRhtXKhhXSi6ks=
github.com/nickbadlose/mastering-go/mysql v0.0.0-20240330014413-60127f15a82d/go.mod h1:dJRa2J2BBVvjqgIPX61kAmh5y/q3D47aSgThHm64WkQ=
github.com/nickbadlose/mastering-go/mysql v0.0.0-20240330014759-77f44bf22804 h1:8s9T2zbIHkgA9jL3MjEWIxLue46S+fgnk1oLNBpQQhE=
github.com/nickbadlose/mastering-go/mysql v0.0.0-20240330014759-77f44bf22804/go.mod h1:dJRa2J2BBVvjqgIPX61kAmh5y/q3D47aSgThHm64WkQ=
github.com/nickbadlose/mastering-go/mysql v0.0.0-20240330020431-bbaec29d756d h1:GmAbE21e5Bh1Gqb9BQxBl3XFYBPPSZeRFCWu+1/0tPc=
github.com/nickbadlose/mastering-go/mysql v0.0.0-20240330020431-bbaec29d756d/go.mod h1:dJRa2J2BBVvjqgIPX61kAmh5y/q3D47aSgThHm64WkQ=
github.com/nickbadlose/mastering-go/mysql v0.0.0-20240330021026-ab683598e37f h1:fDsqtaujIo0eFooihyL/Hhwwvs5y4qUNLoVLIehfcjk=
github.com/nickbadlose/mastering-go/mysql v0.0.0-20240330021026-ab683598e37f/go.mod h1:dJRa2J2BBVvjqgIPX61kAmh5y/q3D47aSgThHm64WkQ=
github.com/nickbadlose/mastering-go/postgres v0.0.0-20240329220109-29dc61c87ce5 h1:Kl52QzTQqw0am2riwWsb+qJWxs3+4+FJuD7CohC86Qw=
github.com/nickbadlose/mastering-go/postgres v0.0.0-20240329220109-29dc61c87ce5/go.mod h1:1yEq+Gkbc5P4Zjyg3e4jGsKW3IjbGAOhFwWyk51gefI=
